
Microsoft Visual Studio Solution File, Format Version 11.00
# Visual Studio 2010
Project("{2150E333-8FDC-42A3-9474-1A3956D46DE8}") = "Src", "Src", "{E76EB467-4E14-4C7B-AED8-FE2DF37A0AFA}"
EndProject
Project("{FAE04EC0-301F-11D3-BF4B-00C04F79EFBC}") = "NDatabase", "src\NDatabase.csproj", "{4B6993D5-995D-4AAA-BBCE-423D1B5451F6}"
EndProject
Project("{2150E333-8FDC-42A3-9474-1A3956D46DE8}") = "Tests", "Tests", "{B03057A0-2DA7-419C-A1B7-DF75264F5186}"
EndProject
Project("{2150E333-8FDC-42A3-9474-1A3956D46DE8}") = "Tools", "Tools", "{E69C9239-6AB1-45D8-A666-ECF1425552E2}"
EndProject
Project("{FAE04EC0-301F-11D3-BF4B-00C04F79EFBC}") = "NDatabase.LinqPad.Driver", "tools\NDatabase.LinqPad.Driver\NDatabase.LinqPad.Driver.csproj", "{857EB24D-9D32-4A95-A8F7-00D2E1458888}"
EndProject
Project("{2150E333-8FDC-42A3-9474-1A3956D46DE8}") = "Samples", "Samples", "{37B33591-CDBA-4AF2-9F7F-E808FEFD43E2}"
EndProject
Project("{FAE04EC0-301F-11D3-BF4B-00C04F79EFBC}") = "NDatabase.Northwind.Generator", "tools\NorthwindNDbGen\NDatabase.Northwind.Generator.csproj", "{38EBE4FF-5835-40C5-BDDC-1D0A261CA59A}"
EndProject
Project("{FAE04EC0-301F-11D3-BF4B-00C04F79EFBC}") = "NDatabase.Northwind.Domain", "tools\NDatabase.Northwind.Domain\NDatabase.Northwind.Domain.csproj", "{E58257BE-7CF9-4471-9E5E-99510FF70637}"
EndProject
Project("{FAE04EC0-301F-11D3-BF4B-00C04F79EFBC}") = "NDatabase.Client.UnitTests", "tests\NDatabase.Client.UnitTests\NDatabase.Client.UnitTests.csproj", "{8BCB6680-9336-43FE-BF73-A4BE7BFE3264}"
EndProject
Project("{FAE04EC0-301F-11D3-BF4B-00C04F79EFBC}") = "NDatabase.Old.UnitTests", "tests\NDatabase.Old.UnitTests\NDatabase.Old.UnitTests.csproj", "{3D8C4A93-468D-4CB6-9359-B5DEE09C4ABC}"
EndProject
Project("{FAE04EC0-301F-11D3-BF4B-00C04F79EFBC}") = "NDatabase.UnitTests", "tests\NDatabase.UnitTests\NDatabase.UnitTests.csproj", "{5A12A273-4159-489D-8A77-3C5AB22860E4}"
EndProject
Global
	GlobalSection(SolutionConfigurationPlatforms) = preSolution
		Debug|Any CPU = Debug|Any CPU
		Release|Any CPU = Release|Any CPU
	EndGlobalSection
	GlobalSection(ProjectConfigurationPlatforms) = postSolution
		{4B6993D5-995D-4AAA-BBCE-423D1B5451F6}.Debug|Any CPU.ActiveCfg = Debug|Any CPU
		{4B6993D5-995D-4AAA-BBCE-423D1B5451F6}.Debug|Any CPU.Build.0 = Debug|Any CPU
		{4B6993D5-995D-4AAA-BBCE-423D1B5451F6}.Release|Any CPU.ActiveCfg = Release|Any CPU
		{4B6993D5-995D-4AAA-BBCE-423D1B5451F6}.Release|Any CPU.Build.0 = Release|Any CPU
		{857EB24D-9D32-4A95-A8F7-00D2E1458888}.Debug|Any CPU.ActiveCfg = Debug|Any CPU
		{857EB24D-9D32-4A95-A8F7-00D2E1458888}.Debug|Any CPU.Build.0 = Debug|Any CPU
		{857EB24D-9D32-4A95-A8F7-00D2E1458888}.Release|Any CPU.ActiveCfg = Release|Any CPU
		{857EB24D-9D32-4A95-A8F7-00D2E1458888}.Release|Any CPU.Build.0 = Release|Any CPU
		{38EBE4FF-5835-40C5-BDDC-1D0A261CA59A}.Debug|Any CPU.ActiveCfg = Debug|Any CPU
		{38EBE4FF-5835-40C5-BDDC-1D0A261CA59A}.Debug|Any CPU.Build.0 = Debug|Any CPU
		{38EBE4FF-5835-40C5-BDDC-1D0A261CA59A}.Release|Any CPU.ActiveCfg = Release|Any CPU
		{38EBE4FF-5835-40C5-BDDC-1D0A261CA59A}.Release|Any CPU.Build.0 = Release|Any CPU
		{E58257BE-7CF9-4471-9E5E-99510FF70637}.Debug|Any CPU.ActiveCfg = Debug|Any CPU
		{E58257BE-7CF9-4471-9E5E-99510FF70637}.Debug|Any CPU.Build.0 = Debug|Any CPU
		{E58257BE-7CF9-4471-9E5E-99510FF70637}.Release|Any CPU.ActiveCfg = Release|Any CPU
		{E58257BE-7CF9-4471-9E5E-99510FF70637}.Release|Any CPU.Build.0 = Release|Any CPU
		{8BCB6680-9336-43FE-BF73-A4BE7BFE3264}.Debug|Any CPU.ActiveCfg = Debug|Any CPU
		{8BCB6680-9336-43FE-BF73-A4BE7BFE3264}.Debug|Any CPU.Build.0 = Debug|Any CPU
		{8BCB6680-9336-43FE-BF73-A4BE7BFE3264}.Release|Any CPU.ActiveCfg = Release|Any CPU
		{8BCB6680-9336-43FE-BF73-A4BE7BFE3264}.Release|Any CPU.Build.0 = Release|Any CPU
		{3D8C4A93-468D-4CB6-9359-B5DEE09C4ABC}.Debug|Any CPU.ActiveCfg = Debug|Any CPU
		{3D8C4A93-468D-4CB6-9359-B5DEE09C4ABC}.Debug|Any CPU.Build.0 = Debug|Any CPU
		{3D8C4A93-468D-4CB6-9359-B5DEE09C4ABC}.Release|Any CPU.ActiveCfg = Release|Any CPU
		{3D8C4A93-468D-4CB6-9359-B5DEE09C4ABC}.Release|Any CPU.Build.0 = Release|Any CPU
		{5A12A273-4159-489D-8A77-3C5AB22860E4}.Debug|Any CPU.ActiveCfg = Debug|Any CPU
		{5A12A273-4159-489D-8A77-3C5AB22860E4}.Debug|Any CPU.Build.0 = Debug|Any CPU
		{5A12A273-4159-489D-8A77-3C5AB22860E4}.Release|Any CPU.ActiveCfg = Release|Any CPU
		{5A12A273-4159-489D-8A77-3C5AB22860E4}.Release|Any CPU.Build.0 = Release|Any CPU
	EndGlobalSection
	GlobalSection(SolutionProperties) = preSolution
		HideSolutionNode = FALSE
	EndGlobalSection
	GlobalSection(NestedProjects) = preSolution
		{4B6993D5-995D-4AAA-BBCE-423D1B5451F6} = {E76EB467-4E14-4C7B-AED8-FE2DF37A0AFA}
		{8BCB6680-9336-43FE-BF73-A4BE7BFE3264} = {B03057A0-2DA7-419C-A1B7-DF75264F5186}
		{3D8C4A93-468D-4CB6-9359-B5DEE09C4ABC} = {B03057A0-2DA7-419C-A1B7-DF75264F5186}
		{5A12A273-4159-489D-8A77-3C5AB22860E4} = {B03057A0-2DA7-419C-A1B7-DF75264F5186}
		{857EB24D-9D32-4A95-A8F7-00D2E1458888} = {E69C9239-6AB1-45D8-A666-ECF1425552E2}
		{38EBE4FF-5835-40C5-BDDC-1D0A261CA59A} = {E69C9239-6AB1-45D8-A666-ECF1425552E2}
		{E58257BE-7CF9-4471-9E5E-99510FF70637} = {E69C9239-6AB1-45D8-A666-ECF1425552E2}
	EndGlobalSection
	GlobalSection(MonoDevelopProperties) = preSolution
		StartupItem = src\NDatabase2.csproj
		Policies = $0
		$0.DotNetNamingPolicy = $1
		$1.DirectoryNamespaceAssociation = None
		$1.ResourceNamePolicy = FileFormatDefault
	EndGlobalSection
EndGlobal
