
Microsoft Visual Studio Solution File, Format Version 12.00
# Visual Studio 2012
Project("{FAE04EC0-301F-11D3-BF4B-00C04F79EFBC}") = "NDatabase2", "src\NDatabase2.csproj", "{4B6993D5-995D-4AAA-BBCE-423D1B5451F6}"
EndProject
Project("{FAE04EC0-301F-11D3-BF4B-00C04F79EFBC}") = "NDatabase.Old.UnitTests", "test\NDatabase.Old.UnitTests.csproj", "{3D8C4A93-468D-4CB6-9359-B5DEE09C4ABC}"
EndProject
Project("{FAE04EC0-301F-11D3-BF4B-00C04F79EFBC}") = "NDatabase.UnitTests", "CSharpStorage.UnitTests\NDatabase.UnitTests.csproj", "{5A12A273-4159-489D-8A77-3C5AB22860E4}"
EndProject
Project("{FAE04EC0-301F-11D3-BF4B-00C04F79EFBC}") = "NDatabase.Converter1To2", "Converter1To2\NDatabase.Converter1To2\NDatabase.Converter1To2.csproj", "{3D0F9ABC-22DB-4281-A8E2-2F8C07B03C01}"
EndProject
Project("{2150E333-8FDC-42A3-9474-1A3956D46DE8}") = "Src", "Src", "{E76EB467-4E14-4C7B-AED8-FE2DF37A0AFA}"
EndProject
Project("{2150E333-8FDC-42A3-9474-1A3956D46DE8}") = "Tests", "Tests", "{B03057A0-2DA7-419C-A1B7-DF75264F5186}"
EndProject
Project("{2150E333-8FDC-42A3-9474-1A3956D46DE8}") = "Tools", "Tools", "{E69C9239-6AB1-45D8-A666-ECF1425552E2}"
EndProject
Global
	GlobalSection(SolutionConfigurationPlatforms) = preSolution
		Debug|Any CPU = Debug|Any CPU
		Release|Any CPU = Release|Any CPU
	EndGlobalSection
	GlobalSection(ProjectConfigurationPlatforms) = postSolution
		{4B6993D5-995D-4AAA-BBCE-423D1B5451F6}.Debug|Any CPU.ActiveCfg = Debug|Any CPU
		{4B6993D5-995D-4AAA-BBCE-423D1B5451F6}.Debug|Any CPU.Build.0 = Debug|Any CPU
		{4B6993D5-995D-4AAA-BBCE-423D1B5451F6}.Release|Any CPU.ActiveCfg = Release|Any CPU
		{4B6993D5-995D-4AAA-BBCE-423D1B5451F6}.Release|Any CPU.Build.0 = Release|Any CPU
		{3D8C4A93-468D-4CB6-9359-B5DEE09C4ABC}.Debug|Any CPU.ActiveCfg = Debug|Any CPU
		{3D8C4A93-468D-4CB6-9359-B5DEE09C4ABC}.Debug|Any CPU.Build.0 = Debug|Any CPU
		{3D8C4A93-468D-4CB6-9359-B5DEE09C4ABC}.Release|Any CPU.ActiveCfg = Release|Any CPU
		{3D8C4A93-468D-4CB6-9359-B5DEE09C4ABC}.Release|Any CPU.Build.0 = Release|Any CPU
		{5A12A273-4159-489D-8A77-3C5AB22860E4}.Debug|Any CPU.ActiveCfg = Debug|Any CPU
		{5A12A273-4159-489D-8A77-3C5AB22860E4}.Debug|Any CPU.Build.0 = Debug|Any CPU
		{5A12A273-4159-489D-8A77-3C5AB22860E4}.Release|Any CPU.ActiveCfg = Release|Any CPU
		{5A12A273-4159-489D-8A77-3C5AB22860E4}.Release|Any CPU.Build.0 = Release|Any CPU
		{3D0F9ABC-22DB-4281-A8E2-2F8C07B03C01}.Debug|Any CPU.ActiveCfg = Debug|Any CPU
		{3D0F9ABC-22DB-4281-A8E2-2F8C07B03C01}.Debug|Any CPU.Build.0 = Debug|Any CPU
		{3D0F9ABC-22DB-4281-A8E2-2F8C07B03C01}.Release|Any CPU.ActiveCfg = Release|Any CPU
		{3D0F9ABC-22DB-4281-A8E2-2F8C07B03C01}.Release|Any CPU.Build.0 = Release|Any CPU
	EndGlobalSection
	GlobalSection(SolutionProperties) = preSolution
		HideSolutionNode = FALSE
	EndGlobalSection
	GlobalSection(NestedProjects) = preSolution
		{4B6993D5-995D-4AAA-BBCE-423D1B5451F6} = {E76EB467-4E14-4C7B-AED8-FE2DF37A0AFA}
		{5A12A273-4159-489D-8A77-3C5AB22860E4} = {B03057A0-2DA7-419C-A1B7-DF75264F5186}
		{3D8C4A93-468D-4CB6-9359-B5DEE09C4ABC} = {B03057A0-2DA7-419C-A1B7-DF75264F5186}
		{3D0F9ABC-22DB-4281-A8E2-2F8C07B03C01} = {E69C9239-6AB1-45D8-A666-ECF1425552E2}
	EndGlobalSection
EndGlobal
